
Microsoft Visual Studio Solution File, Format Version 12.00
# Visual Studio Version 17
VisualStudioVersion = 17.0.31903.59
MinimumVisualStudioVersion = 10.0.40219.1
Project("{2150E333-8FDC-42A3-9474-1A3956D46DE8}") = "Backend", "Backend", "{1AE8ACA6-933B-BF2A-3671-3E2EAC007D16}"
EndProject
Project("{FAE04EC0-301F-11D3-BF4B-00C04F79EFBC}") = "UCR.ECCI.PI.ThemePark.Backend.Api", "Backend.Api\UCR.ECCI.PI.ThemePark.Backend.Api.csproj", "{3014AF50-29C7-4C3C-876C-E68AA7C3586D}"
EndProject
Project("{FAE04EC0-301F-11D3-BF4B-00C04F79EFBC}") = "UCR.ECCI.PI.ThemePark.Backend.Application", "Backend.Application\UCR.ECCI.PI.ThemePark.Backend.Application.csproj", "{5B973076-274E-45A8-B4C9-DF1BAEF033D3}"
EndProject
Project("{FAE04EC0-301F-11D3-BF4B-00C04F79EFBC}") = "UCR.ECCI.PI.ThemePark.Backend.Application.Tests.Unit", "Backend.Application.Tests.Unit\UCR.ECCI.PI.ThemePark.Backend.Application.Tests.Unit.csproj", "{3B7E8066-0384-4FD4-BD7F-C28BE803E26A}"
EndProject
Project("{2150E333-8FDC-42A3-9474-1A3956D46DE8}") = "Application", "Application", "{02EA681E-C7D8-13C7-8484-4AC65E1B71E8}"
EndProject
Project("{FAE04EC0-301F-11D3-BF4B-00C04F79EFBC}") = "UCR.ECCI.PI.ThemePark.Backend.DependencyInjection", "Backend.DependencyInjection\UCR.ECCI.PI.ThemePark.Backend.DependencyInjection.csproj", "{9D9DBD40-D2A8-45CD-9BB8-9E2D5E534522}"
EndProject
Project("{2150E333-8FDC-42A3-9474-1A3956D46DE8}") = "DependencyInjection", "DependencyInjection", "{6B87AAB7-B37A-4717-A570-FA7642E0DEAD}"
EndProject
Project("{FAE04EC0-301F-11D3-BF4B-00C04F79EFBC}") = "UCR.ECCI.PI.ThemePark.Backend.Infrastructure", "Backend.Infrastructure\UCR.ECCI.PI.ThemePark.Backend.Infrastructure.csproj", "{DCD71694-2966-4B04-84D0-D5B24AFC5C57}"
EndProject
Project("{FAE04EC0-301F-11D3-BF4B-00C04F79EFBC}") = "UCR.ECCI.PI.ThemePark.Backend.Infrastructure.Tests.Unit", "Backend.Infrastructure.Tests.Unit\UCR.ECCI.PI.ThemePark.Backend.Infrastructure.Tests.Unit.csproj", "{6EB88A7C-D5EF-4552-B729-0D671E8B488B}"
EndProject
Project("{2150E333-8FDC-42A3-9474-1A3956D46DE8}") = "Infrastructure", "Infrastructure", "{73B634BF-419A-4925-8DE2-1BE6BEFB528F}"
EndProject
Project("{FAE04EC0-301F-11D3-BF4B-00C04F79EFBC}") = "UCR.ECCI.PI.ThemePark.Backend.Domain", "Backend.Domain\UCR.ECCI.PI.ThemePark.Backend.Domain.csproj", "{7E69BACE-E083-4916-84D7-F74A00B3BB94}"
EndProject
Project("{FAE04EC0-301F-11D3-BF4B-00C04F79EFBC}") = "UCR.ECCI.PI.ThemePark.Backend.Domain.Tests.Unit", "Backend.Domain.Tests.Unit\UCR.ECCI.PI.ThemePark.Backend.Domain.Tests.Unit.csproj", "{5E19F590-C822-40AB-84E7-58FF6BB99B19}"
EndProject
Project("{2150E333-8FDC-42A3-9474-1A3956D46DE8}") = "Domain", "Domain", "{850AC3AA-B907-40AE-B00C-71BB61E418FE}"
EndProject
Project("{FAE04EC0-301F-11D3-BF4B-00C04F79EFBC}") = "UCR.ECCI.PI.ThemePark.Backend.Presentation", "Backend.Presentation\UCR.ECCI.PI.ThemePark.Backend.Presentation.csproj", "{F0CD3671-DC69-422D-B846-492B02463E60}"
EndProject
Project("{FAE04EC0-301F-11D3-BF4B-00C04F79EFBC}") = "UCR.ECCI.PI.ThemePark.Backend.Presentation.Tests.Unit", "Backend.Presentation.Tests.Unit\UCR.ECCI.PI.ThemePark.Backend.Presentation.Tests.Unit.csproj", "{B43613A0-C406-4912-82F9-B5A2A0CDF431}"
EndProject
Project("{2150E333-8FDC-42A3-9474-1A3956D46DE8}") = "Presentation", "Presentation", "{CAB48021-4D52-438B-BC76-AAE966964DDD}"
EndProject
Project("{00D1A9C2-B5F0-4AF3-8072-F6C62B433612}") = "UCR.ECCI.PI.ThemePark.Database", "UCR.ECCI.PI.ThemePark.Database\UCR.ECCI.PI.ThemePark.Database.sqlproj", "{E585810B-5DB7-4271-A5C8-F3153B0F7AE7}"
EndProject
Project("{2150E333-8FDC-42A3-9474-1A3956D46DE8}") = "Database", "Database", "{5C83560A-1BD2-45AD-806B-CF71861B558A}"
EndProject
Global
	GlobalSection(SolutionConfigurationPlatforms) = preSolution
		Debug|Any CPU = Debug|Any CPU
		Debug|x64 = Debug|x64
		Debug|x86 = Debug|x86
		Release|Any CPU = Release|Any CPU
		Release|x64 = Release|x64
		Release|x86 = Release|x86
	EndGlobalSection
	GlobalSection(ProjectConfigurationPlatforms) = postSolution
		{3014AF50-29C7-4C3C-876C-E68AA7C3586D}.Debug|Any CPU.ActiveCfg = Debug|Any CPU
		{3014AF50-29C7-4C3C-876C-E68AA7C3586D}.Debug|Any CPU.Build.0 = Debug|Any CPU
		{3014AF50-29C7-4C3C-876C-E68AA7C3586D}.Debug|x64.ActiveCfg = Debug|Any CPU
		{3014AF50-29C7-4C3C-876C-E68AA7C3586D}.Debug|x64.Build.0 = Debug|Any CPU
		{3014AF50-29C7-4C3C-876C-E68AA7C3586D}.Debug|x86.ActiveCfg = Debug|Any CPU
		{3014AF50-29C7-4C3C-876C-E68AA7C3586D}.Debug|x86.Build.0 = Debug|Any CPU
		{3014AF50-29C7-4C3C-876C-E68AA7C3586D}.Release|Any CPU.ActiveCfg = Release|Any CPU
		{3014AF50-29C7-4C3C-876C-E68AA7C3586D}.Release|Any CPU.Build.0 = Release|Any CPU
		{3014AF50-29C7-4C3C-876C-E68AA7C3586D}.Release|x64.ActiveCfg = Release|Any CPU
		{3014AF50-29C7-4C3C-876C-E68AA7C3586D}.Release|x64.Build.0 = Release|Any CPU
		{3014AF50-29C7-4C3C-876C-E68AA7C3586D}.Release|x86.ActiveCfg = Release|Any CPU
		{3014AF50-29C7-4C3C-876C-E68AA7C3586D}.Release|x86.Build.0 = Release|Any CPU
		{5B973076-274E-45A8-B4C9-DF1BAEF033D3}.Debug|Any CPU.ActiveCfg = Debug|Any CPU
		{5B973076-274E-45A8-B4C9-DF1BAEF033D3}.Debug|Any CPU.Build.0 = Debug|Any CPU
		{5B973076-274E-45A8-B4C9-DF1BAEF033D3}.Debug|x64.ActiveCfg = Debug|Any CPU
		{5B973076-274E-45A8-B4C9-DF1BAEF033D3}.Debug|x64.Build.0 = Debug|Any CPU
		{5B973076-274E-45A8-B4C9-DF1BAEF033D3}.Debug|x86.ActiveCfg = Debug|Any CPU
		{5B973076-274E-45A8-B4C9-DF1BAEF033D3}.Debug|x86.Build.0 = Debug|Any CPU
		{5B973076-274E-45A8-B4C9-DF1BAEF033D3}.Release|Any CPU.ActiveCfg = Release|Any CPU
		{5B973076-274E-45A8-B4C9-DF1BAEF033D3}.Release|Any CPU.Build.0 = Release|Any CPU
		{5B973076-274E-45A8-B4C9-DF1BAEF033D3}.Release|x64.ActiveCfg = Release|Any CPU
		{5B973076-274E-45A8-B4C9-DF1BAEF033D3}.Release|x64.Build.0 = Release|Any CPU
		{5B973076-274E-45A8-B4C9-DF1BAEF033D3}.Release|x86.ActiveCfg = Release|Any CPU
		{5B973076-274E-45A8-B4C9-DF1BAEF033D3}.Release|x86.Build.0 = Release|Any CPU
		{3B7E8066-0384-4FD4-BD7F-C28BE803E26A}.Debug|Any CPU.ActiveCfg = Debug|Any CPU
		{3B7E8066-0384-4FD4-BD7F-C28BE803E26A}.Debug|Any CPU.Build.0 = Debug|Any CPU
		{3B7E8066-0384-4FD4-BD7F-C28BE803E26A}.Debug|x64.ActiveCfg = Debug|Any CPU
		{3B7E8066-0384-4FD4-BD7F-C28BE803E26A}.Debug|x64.Build.0 = Debug|Any CPU
		{3B7E8066-0384-4FD4-BD7F-C28BE803E26A}.Debug|x86.ActiveCfg = Debug|Any CPU
		{3B7E8066-0384-4FD4-BD7F-C28BE803E26A}.Debug|x86.Build.0 = Debug|Any CPU
		{3B7E8066-0384-4FD4-BD7F-C28BE803E26A}.Release|Any CPU.ActiveCfg = Release|Any CPU
		{3B7E8066-0384-4FD4-BD7F-C28BE803E26A}.Release|Any CPU.Build.0 = Release|Any CPU
		{3B7E8066-0384-4FD4-BD7F-C28BE803E26A}.Release|x64.ActiveCfg = Release|Any CPU
		{3B7E8066-0384-4FD4-BD7F-C28BE803E26A}.Release|x64.Build.0 = Release|Any CPU
		{3B7E8066-0384-4FD4-BD7F-C28BE803E26A}.Release|x86.ActiveCfg = Release|Any CPU
		{3B7E8066-0384-4FD4-BD7F-C28BE803E26A}.Release|x86.Build.0 = Release|Any CPU
		{9D9DBD40-D2A8-45CD-9BB8-9E2D5E534522}.Debug|Any CPU.ActiveCfg = Debug|Any CPU
		{9D9DBD40-D2A8-45CD-9BB8-9E2D5E534522}.Debug|Any CPU.Build.0 = Debug|Any CPU
		{9D9DBD40-D2A8-45CD-9BB8-9E2D5E534522}.Debug|x64.ActiveCfg = Debug|Any CPU
		{9D9DBD40-D2A8-45CD-9BB8-9E2D5E534522}.Debug|x64.Build.0 = Debug|Any CPU
		{9D9DBD40-D2A8-45CD-9BB8-9E2D5E534522}.Debug|x86.ActiveCfg = Debug|Any CPU
		{9D9DBD40-D2A8-45CD-9BB8-9E2D5E534522}.Debug|x86.Build.0 = Debug|Any CPU
		{9D9DBD40-D2A8-45CD-9BB8-9E2D5E534522}.Release|Any CPU.ActiveCfg = Release|Any CPU
		{9D9DBD40-D2A8-45CD-9BB8-9E2D5E534522}.Release|Any CPU.Build.0 = Release|Any CPU
		{9D9DBD40-D2A8-45CD-9BB8-9E2D5E534522}.Release|x64.ActiveCfg = Release|Any CPU
		{9D9DBD40-D2A8-45CD-9BB8-9E2D5E534522}.Release|x64.Build.0 = Release|Any CPU
		{9D9DBD40-D2A8-45CD-9BB8-9E2D5E534522}.Release|x86.ActiveCfg = Release|Any CPU
		{9D9DBD40-D2A8-45CD-9BB8-9E2D5E534522}.Release|x86.Build.0 = Release|Any CPU
		{DCD71694-2966-4B04-84D0-D5B24AFC5C57}.Debug|Any CPU.ActiveCfg = Debug|Any CPU
		{DCD71694-2966-4B04-84D0-D5B24AFC5C57}.Debug|Any CPU.Build.0 = Debug|Any CPU
		{DCD71694-2966-4B04-84D0-D5B24AFC5C57}.Debug|x64.ActiveCfg = Debug|Any CPU
		{DCD71694-2966-4B04-84D0-D5B24AFC5C57}.Debug|x64.Build.0 = Debug|Any CPU
		{DCD71694-2966-4B04-84D0-D5B24AFC5C57}.Debug|x86.ActiveCfg = Debug|Any CPU
		{DCD71694-2966-4B04-84D0-D5B24AFC5C57}.Debug|x86.Build.0 = Debug|Any CPU
		{DCD71694-2966-4B04-84D0-D5B24AFC5C57}.Release|Any CPU.ActiveCfg = Release|Any CPU
		{DCD71694-2966-4B04-84D0-D5B24AFC5C57}.Release|Any CPU.Build.0 = Release|Any CPU
		{DCD71694-2966-4B04-84D0-D5B24AFC5C57}.Release|x64.ActiveCfg = Release|Any CPU
		{DCD71694-2966-4B04-84D0-D5B24AFC5C57}.Release|x64.Build.0 = Release|Any CPU
		{DCD71694-2966-4B04-84D0-D5B24AFC5C57}.Release|x86.ActiveCfg = Release|Any CPU
		{DCD71694-2966-4B04-84D0-D5B24AFC5C57}.Release|x86.Build.0 = Release|Any CPU
		{6EB88A7C-D5EF-4552-B729-0D671E8B488B}.Debug|Any CPU.ActiveCfg = Debug|Any CPU
		{6EB88A7C-D5EF-4552-B729-0D671E8B488B}.Debug|Any CPU.Build.0 = Debug|Any CPU
		{6EB88A7C-D5EF-4552-B729-0D671E8B488B}.Debug|x64.ActiveCfg = Debug|Any CPU
		{6EB88A7C-D5EF-4552-B729-0D671E8B488B}.Debug|x64.Build.0 = Debug|Any CPU
		{6EB88A7C-D5EF-4552-B729-0D671E8B488B}.Debug|x86.ActiveCfg = Debug|Any CPU
		{6EB88A7C-D5EF-4552-B729-0D671E8B488B}.Debug|x86.Build.0 = Debug|Any CPU
		{6EB88A7C-D5EF-4552-B729-0D671E8B488B}.Release|Any CPU.ActiveCfg = Release|Any CPU
		{6EB88A7C-D5EF-4552-B729-0D671E8B488B}.Release|Any CPU.Build.0 = Release|Any CPU
		{6EB88A7C-D5EF-4552-B729-0D671E8B488B}.Release|x64.ActiveCfg = Release|Any CPU
		{6EB88A7C-D5EF-4552-B729-0D671E8B488B}.Release|x64.Build.0 = Release|Any CPU
		{6EB88A7C-D5EF-4552-B729-0D671E8B488B}.Release|x86.ActiveCfg = Release|Any CPU
		{6EB88A7C-D5EF-4552-B729-0D671E8B488B}.Release|x86.Build.0 = Release|Any CPU
		{7E69BACE-E083-4916-84D7-F74A00B3BB94}.Debug|Any CPU.ActiveCfg = Debug|Any CPU
		{7E69BACE-E083-4916-84D7-F74A00B3BB94}.Debug|Any CPU.Build.0 = Debug|Any CPU
		{7E69BACE-E083-4916-84D7-F74A00B3BB94}.Debug|x64.ActiveCfg = Debug|Any CPU
		{7E69BACE-E083-4916-84D7-F74A00B3BB94}.Debug|x64.Build.0 = Debug|Any CPU
		{7E69BACE-E083-4916-84D7-F74A00B3BB94}.Debug|x86.ActiveCfg = Debug|Any CPU
		{7E69BACE-E083-4916-84D7-F74A00B3BB94}.Debug|x86.Build.0 = Debug|Any CPU
		{7E69BACE-E083-4916-84D7-F74A00B3BB94}.Release|Any CPU.ActiveCfg = Release|Any CPU
		{7E69BACE-E083-4916-84D7-F74A00B3BB94}.Release|Any CPU.Build.0 = Release|Any CPU
		{7E69BACE-E083-4916-84D7-F74A00B3BB94}.Release|x64.ActiveCfg = Release|Any CPU
		{7E69BACE-E083-4916-84D7-F74A00B3BB94}.Release|x64.Build.0 = Release|Any CPU
		{7E69BACE-E083-4916-84D7-F74A00B3BB94}.Release|x86.ActiveCfg = Release|Any CPU
		{7E69BACE-E083-4916-84D7-F74A00B3BB94}.Release|x86.Build.0 = Release|Any CPU
		{5E19F590-C822-40AB-84E7-58FF6BB99B19}.Debug|Any CPU.ActiveCfg = Debug|Any CPU
		{5E19F590-C822-40AB-84E7-58FF6BB99B19}.Debug|Any CPU.Build.0 = Debug|Any CPU
		{5E19F590-C822-40AB-84E7-58FF6BB99B19}.Debug|x64.ActiveCfg = Debug|Any CPU
		{5E19F590-C822-40AB-84E7-58FF6BB99B19}.Debug|x64.Build.0 = Debug|Any CPU
		{5E19F590-C822-40AB-84E7-58FF6BB99B19}.Debug|x86.ActiveCfg = Debug|Any CPU
		{5E19F590-C822-40AB-84E7-58FF6BB99B19}.Debug|x86.Build.0 = Debug|Any CPU
		{5E19F590-C822-40AB-84E7-58FF6BB99B19}.Release|Any CPU.ActiveCfg = Release|Any CPU
		{5E19F590-C822-40AB-84E7-58FF6BB99B19}.Release|Any CPU.Build.0 = Release|Any CPU
		{5E19F590-C822-40AB-84E7-58FF6BB99B19}.Release|x64.ActiveCfg = Release|Any CPU
		{5E19F590-C822-40AB-84E7-58FF6BB99B19}.Release|x64.Build.0 = Release|Any CPU
		{5E19F590-C822-40AB-84E7-58FF6BB99B19}.Release|x86.ActiveCfg = Release|Any CPU
		{5E19F590-C822-40AB-84E7-58FF6BB99B19}.Release|x86.Build.0 = Release|Any CPU
		{F0CD3671-DC69-422D-B846-492B02463E60}.Debug|Any CPU.ActiveCfg = Debug|Any CPU
		{F0CD3671-DC69-422D-B846-492B02463E60}.Debug|Any CPU.Build.0 = Debug|Any CPU
		{F0CD3671-DC69-422D-B846-492B02463E60}.Debug|x64.ActiveCfg = Debug|Any CPU
		{F0CD3671-DC69-422D-B846-492B02463E60}.Debug|x64.Build.0 = Debug|Any CPU
		{F0CD3671-DC69-422D-B846-492B02463E60}.Debug|x86.ActiveCfg = Debug|Any CPU
		{F0CD3671-DC69-422D-B846-492B02463E60}.Debug|x86.Build.0 = Debug|Any CPU
		{F0CD3671-DC69-422D-B846-492B02463E60}.Release|Any CPU.ActiveCfg = Release|Any CPU
		{F0CD3671-DC69-422D-B846-492B02463E60}.Release|Any CPU.Build.0 = Release|Any CPU
		{F0CD3671-DC69-422D-B846-492B02463E60}.Release|x64.ActiveCfg = Release|Any CPU
		{F0CD3671-DC69-422D-B846-492B02463E60}.Release|x64.Build.0 = Release|Any CPU
		{F0CD3671-DC69-422D-B846-492B02463E60}.Release|x86.ActiveCfg = Release|Any CPU
		{F0CD3671-DC69-422D-B846-492B02463E60}.Release|x86.Build.0 = Release|Any CPU
		{B43613A0-C406-4912-82F9-B5A2A0CDF431}.Debug|Any CPU.ActiveCfg = Debug|Any CPU
		{B43613A0-C406-4912-82F9-B5A2A0CDF431}.Debug|Any CPU.Build.0 = Debug|Any CPU
		{B43613A0-C406-4912-82F9-B5A2A0CDF431}.Debug|x64.ActiveCfg = Debug|Any CPU
		{B43613A0-C406-4912-82F9-B5A2A0CDF431}.Debug|x64.Build.0 = Debug|Any CPU
		{B43613A0-C406-4912-82F9-B5A2A0CDF431}.Debug|x86.ActiveCfg = Debug|Any CPU
		{B43613A0-C406-4912-82F9-B5A2A0CDF431}.Debug|x86.Build.0 = Debug|Any CPU
		{B43613A0-C406-4912-82F9-B5A2A0CDF431}.Release|Any CPU.ActiveCfg = Release|Any CPU
		{B43613A0-C406-4912-82F9-B5A2A0CDF431}.Release|Any CPU.Build.0 = Release|Any CPU
		{B43613A0-C406-4912-82F9-B5A2A0CDF431}.Release|x64.ActiveCfg = Release|Any CPU
		{B43613A0-C406-4912-82F9-B5A2A0CDF431}.Release|x64.Build.0 = Release|Any CPU
		{B43613A0-C406-4912-82F9-B5A2A0CDF431}.Release|x86.ActiveCfg = Release|Any CPU
		{B43613A0-C406-4912-82F9-B5A2A0CDF431}.Release|x86.Build.0 = Release|Any CPU
		{E585810B-5DB7-4271-A5C8-F3153B0F7AE7}.Debug|Any CPU.ActiveCfg = Debug|Any CPU
		{E585810B-5DB7-4271-A5C8-F3153B0F7AE7}.Debug|Any CPU.Build.0 = Debug|Any CPU
		{E585810B-5DB7-4271-A5C8-F3153B0F7AE7}.Debug|Any CPU.Deploy.0 = Debug|Any CPU
		{E585810B-5DB7-4271-A5C8-F3153B0F7AE7}.Debug|x64.ActiveCfg = Debug|Any CPU
		{E585810B-5DB7-4271-A5C8-F3153B0F7AE7}.Debug|x64.Build.0 = Debug|Any CPU
		{E585810B-5DB7-4271-A5C8-F3153B0F7AE7}.Debug|x64.Deploy.0 = Debug|Any CPU
		{E585810B-5DB7-4271-A5C8-F3153B0F7AE7}.Debug|x86.ActiveCfg = Debug|Any CPU
		{E585810B-5DB7-4271-A5C8-F3153B0F7AE7}.Debug|x86.Build.0 = Debug|Any CPU
		{E585810B-5DB7-4271-A5C8-F3153B0F7AE7}.Debug|x86.Deploy.0 = Debug|Any CPU
		{E585810B-5DB7-4271-A5C8-F3153B0F7AE7}.Release|Any CPU.ActiveCfg = Release|Any CPU
		{E585810B-5DB7-4271-A5C8-F3153B0F7AE7}.Release|Any CPU.Build.0 = Release|Any CPU
		{E585810B-5DB7-4271-A5C8-F3153B0F7AE7}.Release|Any CPU.Deploy.0 = Release|Any CPU
		{E585810B-5DB7-4271-A5C8-F3153B0F7AE7}.Release|x64.ActiveCfg = Release|Any CPU
		{E585810B-5DB7-4271-A5C8-F3153B0F7AE7}.Release|x64.Build.0 = Release|Any CPU
		{E585810B-5DB7-4271-A5C8-F3153B0F7AE7}.Release|x64.Deploy.0 = Release|Any CPU
		{E585810B-5DB7-4271-A5C8-F3153B0F7AE7}.Release|x86.ActiveCfg = Release|Any CPU
		{E585810B-5DB7-4271-A5C8-F3153B0F7AE7}.Release|x86.Build.0 = Release|Any CPU
		{E585810B-5DB7-4271-A5C8-F3153B0F7AE7}.Release|x86.Deploy.0 = Release|Any CPU
	EndGlobalSection
	GlobalSection(SolutionProperties) = preSolution
		HideSolutionNode = FALSE
	EndGlobalSection
	GlobalSection(NestedProjects) = preSolution
		{3014AF50-29C7-4C3C-876C-E68AA7C3586D} = {1AE8ACA6-933B-BF2A-3671-3E2EAC007D16}
		{5B973076-274E-45A8-B4C9-DF1BAEF033D3} = {02EA681E-C7D8-13C7-8484-4AC65E1B71E8}
		{3B7E8066-0384-4FD4-BD7F-C28BE803E26A} = {02EA681E-C7D8-13C7-8484-4AC65E1B71E8}
		{02EA681E-C7D8-13C7-8484-4AC65E1B71E8} = {1AE8ACA6-933B-BF2A-3671-3E2EAC007D16}
		{9D9DBD40-D2A8-45CD-9BB8-9E2D5E534522} = {6B87AAB7-B37A-4717-A570-FA7642E0DEAD}
		{6B87AAB7-B37A-4717-A570-FA7642E0DEAD} = {1AE8ACA6-933B-BF2A-3671-3E2EAC007D16}
		{DCD71694-2966-4B04-84D0-D5B24AFC5C57} = {73B634BF-419A-4925-8DE2-1BE6BEFB528F}
		{6EB88A7C-D5EF-4552-B729-0D671E8B488B} = {73B634BF-419A-4925-8DE2-1BE6BEFB528F}
		{73B634BF-419A-4925-8DE2-1BE6BEFB528F} = {1AE8ACA6-933B-BF2A-3671-3E2EAC007D16}
		{7E69BACE-E083-4916-84D7-F74A00B3BB94} = {850AC3AA-B907-40AE-B00C-71BB61E418FE}
		{5E19F590-C822-40AB-84E7-58FF6BB99B19} = {850AC3AA-B907-40AE-B00C-71BB61E418FE}
		{850AC3AA-B907-40AE-B00C-71BB61E418FE} = {1AE8ACA6-933B-BF2A-3671-3E2EAC007D16}
		{F0CD3671-DC69-422D-B846-492B02463E60} = {CAB48021-4D52-438B-BC76-AAE966964DDD}
		{B43613A0-C406-4912-82F9-B5A2A0CDF431} = {CAB48021-4D52-438B-BC76-AAE966964DDD}
		{CAB48021-4D52-438B-BC76-AAE966964DDD} = {1AE8ACA6-933B-BF2A-3671-3E2EAC007D16}
		{E585810B-5DB7-4271-A5C8-F3153B0F7AE7} = {5C83560A-1BD2-45AD-806B-CF71861B558A}
	EndGlobalSection
	GlobalSection(ExtensibilityGlobals) = postSolution
		SolutionGuid = {745EF459-5141-466E-B080-678DEA2E2BCC}
	EndGlobalSection
EndGlobal
